// !$*UTF8*$!
{
	archiveVersion = 1;
	classes = {
	};
	objectVersion = 50;
	objects = {

/* Begin PBXBuildFile section */
		6977F89A2335EEA3004418FC /* TodoTask+CoreDataClass.swift in Sources */ = {isa = PBXBuildFile; fileRef = 6977F8942335EEA3004418FC /* TodoTask+CoreDataClass.swift */; };
		6977F89C2335EEA3004418FC /* EntityBase+CoreDataClass.swift in Sources */ = {isa = PBXBuildFile; fileRef = 6977F8962335EEA3004418FC /* EntityBase+CoreDataClass.swift */; };
		6977F89E2335EEA3004418FC /* TodoCategory+CoreDataClass.swift in Sources */ = {isa = PBXBuildFile; fileRef = 6977F8982335EEA3004418FC /* TodoCategory+CoreDataClass.swift */; };
		6983FC4F2335C2C5004FBF57 /* AppDelegate.swift in Sources */ = {isa = PBXBuildFile; fileRef = 6983FC4E2335C2C5004FBF57 /* AppDelegate.swift */; };
		6983FC512335C2C5004FBF57 /* SplitViewController.swift in Sources */ = {isa = PBXBuildFile; fileRef = 6983FC502335C2C5004FBF57 /* SplitViewController.swift */; };
		6983FC532335C2C5004FBF57 /* Document.swift in Sources */ = {isa = PBXBuildFile; fileRef = 6983FC522335C2C5004FBF57 /* Document.swift */; };
		6983FC562335C2C5004FBF57 /* Document.xcdatamodeld in Sources */ = {isa = PBXBuildFile; fileRef = 6983FC542335C2C5004FBF57 /* Document.xcdatamodeld */; };
		6983FC582335C2C5004FBF57 /* Assets.xcassets in Resources */ = {isa = PBXBuildFile; fileRef = 6983FC572335C2C5004FBF57 /* Assets.xcassets */; };
		6983FC5B2335C2C5004FBF57 /* Main.storyboard in Resources */ = {isa = PBXBuildFile; fileRef = 6983FC592335C2C5004FBF57 /* Main.storyboard */; };
		69BAE7D323439BC10031B744 /* WindowController.swift in Sources */ = {isa = PBXBuildFile; fileRef = 69BAE7D223439BC10031B744 /* WindowController.swift */; };
		69BAE7D523439C270031B744 /* WindowController+Toolbar.swift in Sources */ = {isa = PBXBuildFile; fileRef = 69BAE7D423439C270031B744 /* WindowController+Toolbar.swift */; };
/* End PBXBuildFile section */

/* Begin PBXFileReference section */
		6977F8942335EEA3004418FC /* TodoTask+CoreDataClass.swift */ = {isa = PBXFileReference; lastKnownFileType = sourcecode.swift; path = "TodoTask+CoreDataClass.swift"; sourceTree = "<group>"; };
		6977F8962335EEA3004418FC /* EntityBase+CoreDataClass.swift */ = {isa = PBXFileReference; lastKnownFileType = sourcecode.swift; path = "EntityBase+CoreDataClass.swift"; sourceTree = "<group>"; };
		6977F8982335EEA3004418FC /* TodoCategory+CoreDataClass.swift */ = {isa = PBXFileReference; lastKnownFileType = sourcecode.swift; path = "TodoCategory+CoreDataClass.swift"; sourceTree = "<group>"; };
		6983FC4B2335C2C5004FBF57 /* TodoTasks.app */ = {isa = PBXFileReference; explicitFileType = wrapper.application; includeInIndex = 0; path = TodoTasks.app; sourceTree = BUILT_PRODUCTS_DIR; };
		6983FC4E2335C2C5004FBF57 /* AppDelegate.swift */ = {isa = PBXFileReference; lastKnownFileType = sourcecode.swift; path = AppDelegate.swift; sourceTree = "<group>"; };
		6983FC502335C2C5004FBF57 /* SplitViewController.swift */ = {isa = PBXFileReference; lastKnownFileType = sourcecode.swift; path = SplitViewController.swift; sourceTree = "<group>"; };
		6983FC522335C2C5004FBF57 /* Document.swift */ = {isa = PBXFileReference; lastKnownFileType = sourcecode.swift; path = Document.swift; sourceTree = "<group>"; };
		6983FC552335C2C5004FBF57 /* Document.xcdatamodel */ = {isa = PBXFileReference; lastKnownFileType = wrapper.xcdatamodel; path = Document.xcdatamodel; sourceTree = "<group>"; };
		6983FC572335C2C5004FBF57 /* Assets.xcassets */ = {isa = PBXFileReference; lastKnownFileType = folder.assetcatalog; path = Assets.xcassets; sourceTree = "<group>"; };
		6983FC5A2335C2C5004FBF57 /* Base */ = {isa = PBXFileReference; lastKnownFileType = file.storyboard; name = Base; path = Base.lproj/Main.storyboard; sourceTree = "<group>"; };
		6983FC5C2335C2C5004FBF57 /* Info.plist */ = {isa = PBXFileReference; lastKnownFileType = text.plist.xml; path = Info.plist; sourceTree = "<group>"; };
		6983FC5D2335C2C5004FBF57 /* TodoTasks.entitlements */ = {isa = PBXFileReference; lastKnownFileType = text.plist.entitlements; path = TodoTasks.entitlements; sourceTree = "<group>"; };
		69BAE7D223439BC10031B744 /* WindowController.swift */ = {isa = PBXFileReference; lastKnownFileType = sourcecode.swift; path = WindowController.swift; sourceTree = "<group>"; };
		69BAE7D423439C270031B744 /* WindowController+Toolbar.swift */ = {isa = PBXFileReference; lastKnownFileType = sourcecode.swift; path = "WindowController+Toolbar.swift"; sourceTree = "<group>"; };
/* End PBXFileReference section */

/* Begin PBXFrameworksBuildPhase section */
		6983FC482335C2C5004FBF57 /* Frameworks */ = {
			isa = PBXFrameworksBuildPhase;
			buildActionMask = 2147483647;
			files = (
			);
			runOnlyForDeploymentPostprocessing = 0;
		};
/* End PBXFrameworksBuildPhase section */

/* Begin PBXGroup section */
		693B74AE23499014001FFB29 /* Controllers */ = {
			isa = PBXGroup;
			children = (
				69BAE7D223439BC10031B744 /* WindowController.swift */,
				69BAE7D423439C270031B744 /* WindowController+Toolbar.swift */,
				6983FC502335C2C5004FBF57 /* SplitViewController.swift */,
			);
			path = Controllers;
			sourceTree = "<group>";
		};
		6977F8932335EE8D004418FC /* Models */ = {
			isa = PBXGroup;
			children = (
				6977F8942335EEA3004418FC /* TodoTask+CoreDataClass.swift */,
				6977F8962335EEA3004418FC /* EntityBase+CoreDataClass.swift */,
				6977F8982335EEA3004418FC /* TodoCategory+CoreDataClass.swift */,
			);
			path = Models;
			sourceTree = "<group>";
		};
		6983FC422335C2C5004FBF57 = {
			isa = PBXGroup;
			children = (
				6983FC4D2335C2C5004FBF57 /* TodoTasks */,
				6983FC4C2335C2C5004FBF57 /* Products */,
			);
			sourceTree = "<group>";
		};
		6983FC4C2335C2C5004FBF57 /* Products */ = {
			isa = PBXGroup;
			children = (
				6983FC4B2335C2C5004FBF57 /* TodoTasks.app */,
			);
			name = Products;
			sourceTree = "<group>";
		};
		6983FC4D2335C2C5004FBF57 /* TodoTasks */ = {
			isa = PBXGroup;
			children = (
				693B74AE23499014001FFB29 /* Controllers */,
				6977F8932335EE8D004418FC /* Models */,
				6983FC4E2335C2C5004FBF57 /* AppDelegate.swift */,
				6983FC522335C2C5004FBF57 /* Document.swift */,
				6983FC572335C2C5004FBF57 /* Assets.xcassets */,
				6983FC592335C2C5004FBF57 /* Main.storyboard */,
				6983FC5C2335C2C5004FBF57 /* Info.plist */,
				6983FC5D2335C2C5004FBF57 /* TodoTasks.entitlements */,
				6983FC542335C2C5004FBF57 /* Document.xcdatamodeld */,
			);
			path = TodoTasks;
			sourceTree = "<group>";
		};
/* End PBXGroup section */

/* Begin PBXNativeTarget section */
		6983FC4A2335C2C5004FBF57 /* TodoTasks */ = {
			isa = PBXNativeTarget;
			buildConfigurationList = 6983FC602335C2C5004FBF57 /* Build configuration list for PBXNativeTarget "TodoTasks" */;
			buildPhases = (
				6983FC472335C2C5004FBF57 /* Sources */,
				6983FC482335C2C5004FBF57 /* Frameworks */,
				6983FC492335C2C5004FBF57 /* Resources */,
			);
			buildRules = (
			);
			dependencies = (
			);
			name = TodoTasks;
			productName = TodoTasks;
			productReference = 6983FC4B2335C2C5004FBF57 /* TodoTasks.app */;
			productType = "com.apple.product-type.application";
		};
/* End PBXNativeTarget section */

/* Begin PBXProject section */
		6983FC432335C2C5004FBF57 /* Project object */ = {
			isa = PBXProject;
			attributes = {
				LastSwiftUpdateCheck = 1030;
				LastUpgradeCheck = 1030;
				ORGANIZATIONNAME = MasaMatsu;
				TargetAttributes = {
					6983FC4A2335C2C5004FBF57 = {
						CreatedOnToolsVersion = 10.3;
					};
				};
			};
			buildConfigurationList = 6983FC462335C2C5004FBF57 /* Build configuration list for PBXProject "TodoTasks" */;
			compatibilityVersion = "Xcode 9.3";
			developmentRegion = en;
			hasScannedForEncodings = 0;
			knownRegions = (
				en,
				Base,
			);
			mainGroup = 6983FC422335C2C5004FBF57;
			productRefGroup = 6983FC4C2335C2C5004FBF57 /* Products */;
			projectDirPath = "";
			projectRoot = "";
			targets = (
				6983FC4A2335C2C5004FBF57 /* TodoTasks */,
			);
		};
/* End PBXProject section */

/* Begin PBXResourcesBuildPhase section */
		6983FC492335C2C5004FBF57 /* Resources */ = {
			isa = PBXResourcesBuildPhase;
			buildActionMask = 2147483647;
			files = (
				6983FC582335C2C5004FBF57 /* Assets.xcassets in Resources */,
				6983FC5B2335C2C5004FBF57 /* Main.storyboard in Resources */,
			);
			runOnlyForDeploymentPostprocessing = 0;
		};
/* End PBXResourcesBuildPhase section */

/* Begin PBXSourcesBuildPhase section */
		6983FC472335C2C5004FBF57 /* Sources */ = {
			isa = PBXSourcesBuildPhase;
			buildActionMask = 2147483647;
			files = (
				69BAE7D523439C270031B744 /* WindowController+Toolbar.swift in Sources */,
				6977F89E2335EEA3004418FC /* TodoCategory+CoreDataClass.swift in Sources */,
				6983FC562335C2C5004FBF57 /* Document.xcdatamodeld in Sources */,
				6983FC512335C2C5004FBF57 /* SplitViewController.swift in Sources */,
				6983FC4F2335C2C5004FBF57 /* AppDelegate.swift in Sources */,
				6983FC532335C2C5004FBF57 /* Document.swift in Sources */,
				69BAE7D323439BC10031B744 /* WindowController.swift in Sources */,
				6977F89A2335EEA3004418FC /* TodoTask+CoreDataClass.swift in Sources */,
				6977F89C2335EEA3004418FC /* EntityBase+CoreDataClass.swift in Sources */,
			);
			runOnlyForDeploymentPostprocessing = 0;
		};
/* End PBXSourcesBuildPhase section */

/* Begin PBXVariantGroup section */
		6983FC592335C2C5004FBF57 /* Main.storyboard */ = {
			isa = PBXVariantGroup;
			children = (
				6983FC5A2335C2C5004FBF57 /* Base */,
			);
			name = Main.storyboard;
			sourceTree = "<group>";
		};
/* End PBXVariantGroup section */

/* Begin XCBuildConfiguration section */
		6983FC5E2335C2C5004FBF57 /* Debug */ = {
			isa = XCBuildConfiguration;
			buildSettings = {
				ALWAYS_SEARCH_USER_PATHS = NO;
				CLANG_ANALYZER_NONNULL = YES;
				CLANG_ANALYZER_NUMBER_OBJECT_CONVERSION = YES_AGGRESSIVE;
				CLANG_CXX_LANGUAGE_STANDARD = "gnu++14";
				CLANG_CXX_LIBRARY = "libc++";
				CLANG_ENABLE_MODULES = YES;
				CLANG_ENABLE_OBJC_ARC = YES;
				CLANG_ENABLE_OBJC_WEAK = YES;
				CLANG_WARN_BLOCK_CAPTURE_AUTORELEASING = YES;
				CLANG_WARN_BOOL_CONVERSION = YES;
				CLANG_WARN_COMMA = YES;
				CLANG_WARN_CONSTANT_CONVERSION = YES;
				CLANG_WARN_DEPRECATED_OBJC_IMPLEMENTATIONS = YES;
				CLANG_WARN_DIRECT_OBJC_ISA_USAGE = YES_ERROR;
				CLANG_WARN_DOCUMENTATION_COMMENTS = YES;
				CLANG_WARN_EMPTY_BODY = YES;
				CLANG_WARN_ENUM_CONVERSION = YES;
				CLANG_WARN_INFINITE_RECURSION = YES;
				CLANG_WARN_INT_CONVERSION = YES;
				CLANG_WARN_NON_LITERAL_NULL_CONVERSION = YES;
				CLANG_WARN_OBJC_IMPLICIT_RETAIN_SELF = YES;
				CLANG_WARN_OBJC_LITERAL_CONVERSION = YES;
				CLANG_WARN_OBJC_ROOT_CLASS = YES_ERROR;
				CLANG_WARN_RANGE_LOOP_ANALYSIS = YES;
				CLANG_WARN_STRICT_PROTOTYPES = YES;
				CLANG_WARN_SUSPICIOUS_MOVE = YES;
				CLANG_WARN_UNGUARDED_AVAILABILITY = YES_AGGRESSIVE;
				CLANG_WARN_UNREACHABLE_CODE = YES;
				CLANG_WARN__DUPLICATE_METHOD_MATCH = YES;
				CODE_SIGN_IDENTITY = "-";
				COPY_PHASE_STRIP = NO;
				DEBUG_INFORMATION_FORMAT = dwarf;
				ENABLE_STRICT_OBJC_MSGSEND = YES;
				ENABLE_TESTABILITY = YES;
				GCC_C_LANGUAGE_STANDARD = gnu11;
				GCC_DYNAMIC_NO_PIC = NO;
				GCC_NO_COMMON_BLOCKS = YES;
				GCC_OPTIMIZATION_LEVEL = 0;
				GCC_PREPROCESSOR_DEFINITIONS = (
					"DEBUG=1",
					"$(inherited)",
				);
				GCC_WARN_64_TO_32_BIT_CONVERSION = YES;
				GCC_WARN_ABOUT_RETURN_TYPE = YES_ERROR;
				GCC_WARN_UNDECLARED_SELECTOR = YES;
				GCC_WARN_UNINITIALIZED_AUTOS = YES_AGGRESSIVE;
				GCC_WARN_UNUSED_FUNCTION = YES;
				GCC_WARN_UNUSED_VARIABLE = YES;
				MACOSX_DEPLOYMENT_TARGET = 10.14;
				MTL_ENABLE_DEBUG_INFO = INCLUDE_SOURCE;
				MTL_FAST_MATH = YES;
				ONLY_ACTIVE_ARCH = YES;
				SDKROOT = macosx;
				SWIFT_ACTIVE_COMPILATION_CONDITIONS = DEBUG;
				SWIFT_OPTIMIZATION_LEVEL = "-Onone";
			};
			name = Debug;
		};
		6983FC5F2335C2C5004FBF57 /* Release */ = {
			isa = XCBuildConfiguration;
			buildSettings = {
				ALWAYS_SEARCH_USER_PATHS = NO;
				CLANG_ANALYZER_NONNULL = YES;
				CLANG_ANALYZER_NUMBER_OBJECT_CONVERSION = YES_AGGRESSIVE;
				CLANG_CXX_LANGUAGE_STANDARD = "gnu++14";
				CLANG_CXX_LIBRARY = "libc++";
				CLANG_ENABLE_MODULES = YES;
				CLANG_ENABLE_OBJC_ARC = YES;
				CLANG_ENABLE_OBJC_WEAK = YES;
				CLANG_WARN_BLOCK_CAPTURE_AUTORELEASING = YES;
				CLANG_WARN_BOOL_CONVERSION = YES;
				CLANG_WARN_COMMA = YES;
				CLANG_WARN_CONSTANT_CONVERSION = YES;
				CLANG_WARN_DEPRECATED_OBJC_IMPLEMENTATIONS = YES;
				CLANG_WARN_DIRECT_OBJC_ISA_USAGE = YES_ERROR;
				CLANG_WARN_DOCUMENTATION_COMMENTS = YES;
				CLANG_WARN_EMPTY_BODY = YES;
				CLANG_WARN_ENUM_CONVERSION = YES;
				CLANG_WARN_INFINITE_RECURSION = YES;
				CLANG_WARN_INT_CONVERSION = YES;
				CLANG_WARN_NON_LITERAL_NULL_CONVERSION = YES;
				CLANG_WARN_OBJC_IMPLICIT_RETAIN_SELF = YES;
				CLANG_WARN_OBJC_LITERAL_CONVERSION = YES;
				CLANG_WARN_OBJC_ROOT_CLASS = YES_ERROR;
				CLANG_WARN_RANGE_LOOP_ANALYSIS = YES;
				CLANG_WARN_STRICT_PROTOTYPES = YES;
				CLANG_WARN_SUSPICIOUS_MOVE = YES;
				CLANG_WARN_UNGUARDED_AVAILABILITY = YES_AGGRESSIVE;
				CLANG_WARN_UNREACHABLE_CODE = YES;
				CLANG_WARN__DUPLICATE_METHOD_MATCH = YES;
				CODE_SIGN_IDENTITY = "-";
				COPY_PHASE_STRIP = NO;
				DEBUG_INFORMATION_FORMAT = "dwarf-with-dsym";
				ENABLE_NS_ASSERTIONS = NO;
				ENABLE_STRICT_OBJC_MSGSEND = YES;
				GCC_C_LANGUAGE_STANDARD = gnu11;
				GCC_NO_COMMON_BLOCKS = YES;
				GCC_WARN_64_TO_32_BIT_CONVERSION = YES;
				GCC_WARN_ABOUT_RETURN_TYPE = YES_ERROR;
				GCC_WARN_UNDECLARED_SELECTOR = YES;
				GCC_WARN_UNINITIALIZED_AUTOS = YES_AGGRESSIVE;
				GCC_WARN_UNUSED_FUNCTION = YES;
				GCC_WARN_UNUSED_VARIABLE = YES;
				MACOSX_DEPLOYMENT_TARGET = 10.14;
				MTL_ENABLE_DEBUG_INFO = NO;
				MTL_FAST_MATH = YES;
				SDKROOT = macosx;
				SWIFT_COMPILATION_MODE = wholemodule;
				SWIFT_OPTIMIZATION_LEVEL = "-O";
			};
			name = Release;
		};
		6983FC612335C2C5004FBF57 /* Debug */ = {
			isa = XCBuildConfiguration;
			buildSettings = {
				ASSETCATALOG_COMPILER_APPICON_NAME = AppIcon;
				CODE_SIGN_ENTITLEMENTS = TodoTasks/TodoTasks.entitlements;
				CODE_SIGN_STYLE = Automatic;
				COMBINE_HIDPI_IMAGES = YES;
				INFOPLIST_FILE = TodoTasks/Info.plist;
				LD_RUNPATH_SEARCH_PATHS = (
					"$(inherited)",
					"@executable_path/../Frameworks",
				);
				PRODUCT_BUNDLE_IDENTIFIER = MasaMatsu.TodoTasks;
				PRODUCT_NAME = "$(TARGET_NAME)";
				SWIFT_VERSION = 5.0;
			};
			name = Debug;
		};
		6983FC622335C2C5004FBF57 /* Release */ = {
			isa = XCBuildConfiguration;
			buildSettings = {
				ASSETCATALOG_COMPILER_APPICON_NAME = AppIcon;
				CODE_SIGN_ENTITLEMENTS = TodoTasks/TodoTasks.entitlements;
				CODE_SIGN_STYLE = Automatic;
				COMBINE_HIDPI_IMAGES = YES;
				INFOPLIST_FILE = TodoTasks/Info.plist;
				LD_RUNPATH_SEARCH_PATHS = (
					"$(inherited)",
					"@executable_path/../Frameworks",
				);
				PRODUCT_BUNDLE_IDENTIFIER = MasaMatsu.TodoTasks;
				PRODUCT_NAME = "$(TARGET_NAME)";
				SWIFT_VERSION = 5.0;
			};
			name = Release;
		};
/* End XCBuildConfiguration section */

/* Begin XCConfigurationList section */
		6983FC462335C2C5004FBF57 /* Build configuration list for PBXProject "TodoTasks" */ = {
			isa = XCConfigurationList;
			buildConfigurations = (
				6983FC5E2335C2C5004FBF57 /* Debug */,
				6983FC5F2335C2C5004FBF57 /* Release */,
			);
			defaultConfigurationIsVisible = 0;
			defaultConfigurationName = Release;
		};
		6983FC602335C2C5004FBF57 /* Build configuration list for PBXNativeTarget "TodoTasks" */ = {
			isa = XCConfigurationList;
			buildConfigurations = (
				6983FC612335C2C5004FBF57 /* Debug */,
				6983FC622335C2C5004FBF57 /* Release */,
			);
			defaultConfigurationIsVisible = 0;
			defaultConfigurationName = Release;
		};
/* End XCConfigurationList section */

/* Begin XCVersionGroup section */
		6983FC542335C2C5004FBF57 /* Document.xcdatamodeld */ = {
			isa = XCVersionGroup;
			children = (
				6983FC552335C2C5004FBF57 /* Document.xcdatamodel */,
			);
			currentVersion = 6983FC552335C2C5004FBF57 /* Document.xcdatamodel */;
			path = Document.xcdatamodeld;
			sourceTree = "<group>";
			versionGroupType = wrapper.xcdatamodel;
		};
/* End XCVersionGroup section */
	};
	rootObject = 6983FC432335C2C5004FBF57 /* Project object */;
}
