// !$*UTF8*$!
{
	archiveVersion = 1;
	classes = {
	};
	objectVersion = 50;
	objects = {

/* Begin PBXBuildFile section */
		69343F482354C61A00E73DD0 /* Task+CoreDataClass.swift in Sources */ = {isa = PBXBuildFile; fileRef = 69343F442354C61A00E73DD0 /* Task+CoreDataClass.swift */; };
		69343F492354C61A00E73DD0 /* Task+CoreDataProperties.swift in Sources */ = {isa = PBXBuildFile; fileRef = 69343F452354C61A00E73DD0 /* Task+CoreDataProperties.swift */; };
		69343F4A2354C61A00E73DD0 /* Category+CoreDataClass.swift in Sources */ = {isa = PBXBuildFile; fileRef = 69343F462354C61A00E73DD0 /* Category+CoreDataClass.swift */; };
		69343F4B2354C61A00E73DD0 /* Category+CoreDataProperties.swift in Sources */ = {isa = PBXBuildFile; fileRef = 69343F472354C61A00E73DD0 /* Category+CoreDataProperties.swift */; };
		69343F4D2354C63A00E73DD0 /* EntityBase.swift in Sources */ = {isa = PBXBuildFile; fileRef = 69343F4C2354C63A00E73DD0 /* EntityBase.swift */; };
		693741F7235ECD84008F0092 /* PresentationButton.swift in Sources */ = {isa = PBXBuildFile; fileRef = 693741F6235ECD84008F0092 /* PresentationButton.swift */; };
		697831C3235A026500367D91 /* DetailView.swift in Sources */ = {isa = PBXBuildFile; fileRef = 697831C2235A026500367D91 /* DetailView.swift */; };
		697831C5235B234700367D91 /* TaskRowView.swift in Sources */ = {isa = PBXBuildFile; fileRef = 697831C4235B234700367D91 /* TaskRowView.swift */; };
		698B46F123547944003AE858 /* AppDelegate.swift in Sources */ = {isa = PBXBuildFile; fileRef = 698B46F023547944003AE858 /* AppDelegate.swift */; };
		698B46F323547944003AE858 /* Document.swift in Sources */ = {isa = PBXBuildFile; fileRef = 698B46F223547944003AE858 /* Document.swift */; };
		698B46F523547944003AE858 /* MainView.swift in Sources */ = {isa = PBXBuildFile; fileRef = 698B46F423547944003AE858 /* MainView.swift */; };
		698B46F823547944003AE858 /* Document.xcdatamodeld in Sources */ = {isa = PBXBuildFile; fileRef = 698B46F623547944003AE858 /* Document.xcdatamodeld */; };
		698B46FA23547945003AE858 /* Assets.xcassets in Resources */ = {isa = PBXBuildFile; fileRef = 698B46F923547945003AE858 /* Assets.xcassets */; };
		698B46FD23547945003AE858 /* Preview Assets.xcassets in Resources */ = {isa = PBXBuildFile; fileRef = 698B46FC23547945003AE858 /* Preview Assets.xcassets */; };
		698B470023547945003AE858 /* Main.storyboard in Resources */ = {isa = PBXBuildFile; fileRef = 698B46FE23547945003AE858 /* Main.storyboard */; };
		698E9D3E235B57E600D3085D /* TaskInfoView.swift in Sources */ = {isa = PBXBuildFile; fileRef = 698E9D3D235B57E600D3085D /* TaskInfoView.swift */; };
/* End PBXBuildFile section */

/* Begin PBXFileReference section */
		69343F442354C61A00E73DD0 /* Task+CoreDataClass.swift */ = {isa = PBXFileReference; lastKnownFileType = sourcecode.swift; path = "Task+CoreDataClass.swift"; sourceTree = "<group>"; };
		69343F452354C61A00E73DD0 /* Task+CoreDataProperties.swift */ = {isa = PBXFileReference; lastKnownFileType = sourcecode.swift; path = "Task+CoreDataProperties.swift"; sourceTree = "<group>"; };
		69343F462354C61A00E73DD0 /* Category+CoreDataClass.swift */ = {isa = PBXFileReference; lastKnownFileType = sourcecode.swift; path = "Category+CoreDataClass.swift"; sourceTree = "<group>"; };
		69343F472354C61A00E73DD0 /* Category+CoreDataProperties.swift */ = {isa = PBXFileReference; lastKnownFileType = sourcecode.swift; path = "Category+CoreDataProperties.swift"; sourceTree = "<group>"; };
		69343F4C2354C63A00E73DD0 /* EntityBase.swift */ = {isa = PBXFileReference; lastKnownFileType = sourcecode.swift; path = EntityBase.swift; sourceTree = "<group>"; };
		693741F6235ECD84008F0092 /* PresentationButton.swift */ = {isa = PBXFileReference; lastKnownFileType = sourcecode.swift; path = PresentationButton.swift; sourceTree = "<group>"; };
		697831C2235A026500367D91 /* DetailView.swift */ = {isa = PBXFileReference; lastKnownFileType = sourcecode.swift; path = DetailView.swift; sourceTree = "<group>"; };
		697831C4235B234700367D91 /* TaskRowView.swift */ = {isa = PBXFileReference; lastKnownFileType = sourcecode.swift; path = TaskRowView.swift; sourceTree = "<group>"; };
		698B46ED23547944003AE858 /* TodoTasks.app */ = {isa = PBXFileReference; explicitFileType = wrapper.application; includeInIndex = 0; path = TodoTasks.app; sourceTree = BUILT_PRODUCTS_DIR; };
		698B46F023547944003AE858 /* AppDelegate.swift */ = {isa = PBXFileReference; lastKnownFileType = sourcecode.swift; path = AppDelegate.swift; sourceTree = "<group>"; };
		698B46F223547944003AE858 /* Document.swift */ = {isa = PBXFileReference; lastKnownFileType = sourcecode.swift; path = Document.swift; sourceTree = "<group>"; };
		698B46F423547944003AE858 /* MainView.swift */ = {isa = PBXFileReference; lastKnownFileType = sourcecode.swift; path = MainView.swift; sourceTree = "<group>"; };
		698B46F723547944003AE858 /* Document.xcdatamodel */ = {isa = PBXFileReference; lastKnownFileType = wrapper.xcdatamodel; path = Document.xcdatamodel; sourceTree = "<group>"; };
		698B46F923547945003AE858 /* Assets.xcassets */ = {isa = PBXFileReference; lastKnownFileType = folder.assetcatalog; path = Assets.xcassets; sourceTree = "<group>"; };
		698B46FC23547945003AE858 /* Preview Assets.xcassets */ = {isa = PBXFileReference; lastKnownFileType = folder.assetcatalog; path = "Preview Assets.xcassets"; sourceTree = "<group>"; };
		698B46FF23547945003AE858 /* Base */ = {isa = PBXFileReference; lastKnownFileType = file.storyboard; name = Base; path = Base.lproj/Main.storyboard; sourceTree = "<group>"; };
		698B470123547945003AE858 /* Info.plist */ = {isa = PBXFileReference; lastKnownFileType = text.plist.xml; path = Info.plist; sourceTree = "<group>"; };
		698B470223547945003AE858 /* TodoTasks.entitlements */ = {isa = PBXFileReference; lastKnownFileType = text.plist.entitlements; path = TodoTasks.entitlements; sourceTree = "<group>"; };
		698E9D3D235B57E600D3085D /* TaskInfoView.swift */ = {isa = PBXFileReference; lastKnownFileType = sourcecode.swift; path = TaskInfoView.swift; sourceTree = "<group>"; };
/* End PBXFileReference section */

/* Begin PBXFrameworksBuildPhase section */
		698B46EA23547944003AE858 /* Frameworks */ = {
			isa = PBXFrameworksBuildPhase;
			buildActionMask = 2147483647;
			files = (
			);
			runOnlyForDeploymentPostprocessing = 0;
		};
/* End PBXFrameworksBuildPhase section */

/* Begin PBXGroup section */
		69343F432354C5F200E73DD0 /* Models */ = {
			isa = PBXGroup;
			children = (
				69343F4C2354C63A00E73DD0 /* EntityBase.swift */,
				69343F442354C61A00E73DD0 /* Task+CoreDataClass.swift */,
				69343F452354C61A00E73DD0 /* Task+CoreDataProperties.swift */,
				69343F462354C61A00E73DD0 /* Category+CoreDataClass.swift */,
				69343F472354C61A00E73DD0 /* Category+CoreDataProperties.swift */,
			);
			path = Models;
			sourceTree = "<group>";
		};
		698B46E423547944003AE858 = {
			isa = PBXGroup;
			children = (
				698B46EF23547944003AE858 /* TodoTasks */,
				698B46EE23547944003AE858 /* Products */,
			);
			sourceTree = "<group>";
		};
		698B46EE23547944003AE858 /* Products */ = {
			isa = PBXGroup;
			children = (
				698B46ED23547944003AE858 /* TodoTasks.app */,
			);
			name = Products;
			sourceTree = "<group>";
		};
		698B46EF23547944003AE858 /* TodoTasks */ = {
			isa = PBXGroup;
			children = (
				698B46F023547944003AE858 /* AppDelegate.swift */,
				698B46F223547944003AE858 /* Document.swift */,
				69A8A66023547F510001A701 /* Views */,
				69343F432354C5F200E73DD0 /* Models */,
				698B46F923547945003AE858 /* Assets.xcassets */,
				698B46FE23547945003AE858 /* Main.storyboard */,
				698B470123547945003AE858 /* Info.plist */,
				698B470223547945003AE858 /* TodoTasks.entitlements */,
				698B46F623547944003AE858 /* Document.xcdatamodeld */,
				698B46FB23547945003AE858 /* Preview Content */,
			);
			path = TodoTasks;
			sourceTree = "<group>";
		};
		698B46FB23547945003AE858 /* Preview Content */ = {
			isa = PBXGroup;
			children = (
				698B46FC23547945003AE858 /* Preview Assets.xcassets */,
			);
			path = "Preview Content";
			sourceTree = "<group>";
		};
		69A8A66023547F510001A701 /* Views */ = {
			isa = PBXGroup;
			children = (
				698B46F423547944003AE858 /* MainView.swift */,
				697831C2235A026500367D91 /* DetailView.swift */,
				697831C4235B234700367D91 /* TaskRowView.swift */,
				698E9D3D235B57E600D3085D /* TaskInfoView.swift */,
				693741F6235ECD84008F0092 /* PresentationButton.swift */,
			);
			path = Views;
			sourceTree = "<group>";
		};
/* End PBXGroup section */

/* Begin PBXNativeTarget section */
		698B46EC23547944003AE858 /* TodoTasks */ = {
			isa = PBXNativeTarget;
			buildConfigurationList = 698B470523547945003AE858 /* Build configuration list for PBXNativeTarget "TodoTasks" */;
			buildPhases = (
				698B46E923547944003AE858 /* Sources */,
				698B46EA23547944003AE858 /* Frameworks */,
				698B46EB23547944003AE858 /* Resources */,
			);
			buildRules = (
			);
			dependencies = (
			);
			name = TodoTasks;
			productName = TodoTasks;
			productReference = 698B46ED23547944003AE858 /* TodoTasks.app */;
			productType = "com.apple.product-type.application";
		};
/* End PBXNativeTarget section */

/* Begin PBXProject section */
		698B46E523547944003AE858 /* Project object */ = {
			isa = PBXProject;
			attributes = {
				LastSwiftUpdateCheck = 1110;
				LastUpgradeCheck = 1110;
				ORGANIZATIONNAME = MasaMatsu;
				TargetAttributes = {
					698B46EC23547944003AE858 = {
						CreatedOnToolsVersion = 11.1;
					};
				};
			};
			buildConfigurationList = 698B46E823547944003AE858 /* Build configuration list for PBXProject "TodoTasks" */;
			compatibilityVersion = "Xcode 9.3";
			developmentRegion = en;
			hasScannedForEncodings = 0;
			knownRegions = (
				en,
				Base,
			);
			mainGroup = 698B46E423547944003AE858;
			productRefGroup = 698B46EE23547944003AE858 /* Products */;
			projectDirPath = "";
			projectRoot = "";
			targets = (
				698B46EC23547944003AE858 /* TodoTasks */,
			);
		};
/* End PBXProject section */

/* Begin PBXResourcesBuildPhase section */
		698B46EB23547944003AE858 /* Resources */ = {
			isa = PBXResourcesBuildPhase;
			buildActionMask = 2147483647;
			files = (
				698B470023547945003AE858 /* Main.storyboard in Resources */,
				698B46FD23547945003AE858 /* Preview Assets.xcassets in Resources */,
				698B46FA23547945003AE858 /* Assets.xcassets in Resources */,
			);
			runOnlyForDeploymentPostprocessing = 0;
		};
/* End PBXResourcesBuildPhase section */

/* Begin PBXSourcesBuildPhase section */
		698B46E923547944003AE858 /* Sources */ = {
			isa = PBXSourcesBuildPhase;
			buildActionMask = 2147483647;
			files = (
				698B46F823547944003AE858 /* Document.xcdatamodeld in Sources */,
				69343F4D2354C63A00E73DD0 /* EntityBase.swift in Sources */,
				69343F482354C61A00E73DD0 /* Task+CoreDataClass.swift in Sources */,
				69343F4A2354C61A00E73DD0 /* Category+CoreDataClass.swift in Sources */,
				698B46F323547944003AE858 /* Document.swift in Sources */,
				698E9D3E235B57E600D3085D /* TaskInfoView.swift in Sources */,
				697831C3235A026500367D91 /* DetailView.swift in Sources */,
				698B46F123547944003AE858 /* AppDelegate.swift in Sources */,
				69343F492354C61A00E73DD0 /* Task+CoreDataProperties.swift in Sources */,
				698B46F523547944003AE858 /* MainView.swift in Sources */,
				697831C5235B234700367D91 /* TaskRowView.swift in Sources */,
				69343F4B2354C61A00E73DD0 /* Category+CoreDataProperties.swift in Sources */,
				693741F7235ECD84008F0092 /* PresentationButton.swift in Sources */,
			);
			runOnlyForDeploymentPostprocessing = 0;
		};
/* End PBXSourcesBuildPhase section */

/* Begin PBXVariantGroup section */
		698B46FE23547945003AE858 /* Main.storyboard */ = {
			isa = PBXVariantGroup;
			children = (
				698B46FF23547945003AE858 /* Base */,
			);
			name = Main.storyboard;
			sourceTree = "<group>";
		};
/* End PBXVariantGroup section */

/* Begin XCBuildConfiguration section */
		698B470323547945003AE858 /* Debug */ = {
			isa = XCBuildConfiguration;
			buildSettings = {
				ALWAYS_SEARCH_USER_PATHS = NO;
				CLANG_ANALYZER_NONNULL = YES;
				CLANG_ANALYZER_NUMBER_OBJECT_CONVERSION = YES_AGGRESSIVE;
				CLANG_CXX_LANGUAGE_STANDARD = "gnu++14";
				CLANG_CXX_LIBRARY = "libc++";
				CLANG_ENABLE_MODULES = YES;
				CLANG_ENABLE_OBJC_ARC = YES;
				CLANG_ENABLE_OBJC_WEAK = YES;
				CLANG_WARN_BLOCK_CAPTURE_AUTORELEASING = YES;
				CLANG_WARN_BOOL_CONVERSION = YES;
				CLANG_WARN_COMMA = YES;
				CLANG_WARN_CONSTANT_CONVERSION = YES;
				CLANG_WARN_DEPRECATED_OBJC_IMPLEMENTATIONS = YES;
				CLANG_WARN_DIRECT_OBJC_ISA_USAGE = YES_ERROR;
				CLANG_WARN_DOCUMENTATION_COMMENTS = YES;
				CLANG_WARN_EMPTY_BODY = YES;
				CLANG_WARN_ENUM_CONVERSION = YES;
				CLANG_WARN_INFINITE_RECURSION = YES;
				CLANG_WARN_INT_CONVERSION = YES;
				CLANG_WARN_NON_LITERAL_NULL_CONVERSION = YES;
				CLANG_WARN_OBJC_IMPLICIT_RETAIN_SELF = YES;
				CLANG_WARN_OBJC_LITERAL_CONVERSION = YES;
				CLANG_WARN_OBJC_ROOT_CLASS = YES_ERROR;
				CLANG_WARN_RANGE_LOOP_ANALYSIS = YES;
				CLANG_WARN_STRICT_PROTOTYPES = YES;
				CLANG_WARN_SUSPICIOUS_MOVE = YES;
				CLANG_WARN_UNGUARDED_AVAILABILITY = YES_AGGRESSIVE;
				CLANG_WARN_UNREACHABLE_CODE = YES;
				CLANG_WARN__DUPLICATE_METHOD_MATCH = YES;
				COPY_PHASE_STRIP = NO;
				DEBUG_INFORMATION_FORMAT = dwarf;
				ENABLE_STRICT_OBJC_MSGSEND = YES;
				ENABLE_TESTABILITY = YES;
				GCC_C_LANGUAGE_STANDARD = gnu11;
				GCC_DYNAMIC_NO_PIC = NO;
				GCC_NO_COMMON_BLOCKS = YES;
				GCC_OPTIMIZATION_LEVEL = 0;
				GCC_PREPROCESSOR_DEFINITIONS = (
					"DEBUG=1",
					"$(inherited)",
				);
				GCC_WARN_64_TO_32_BIT_CONVERSION = YES;
				GCC_WARN_ABOUT_RETURN_TYPE = YES_ERROR;
				GCC_WARN_UNDECLARED_SELECTOR = YES;
				GCC_WARN_UNINITIALIZED_AUTOS = YES_AGGRESSIVE;
				GCC_WARN_UNUSED_FUNCTION = YES;
				GCC_WARN_UNUSED_VARIABLE = YES;
				MACOSX_DEPLOYMENT_TARGET = 10.15;
				MTL_ENABLE_DEBUG_INFO = INCLUDE_SOURCE;
				MTL_FAST_MATH = YES;
				ONLY_ACTIVE_ARCH = YES;
				SDKROOT = macosx;
				SWIFT_ACTIVE_COMPILATION_CONDITIONS = DEBUG;
				SWIFT_OPTIMIZATION_LEVEL = "-Onone";
			};
			name = Debug;
		};
		698B470423547945003AE858 /* Release */ = {
			isa = XCBuildConfiguration;
			buildSettings = {
				ALWAYS_SEARCH_USER_PATHS = NO;
				CLANG_ANALYZER_NONNULL = YES;
				CLANG_ANALYZER_NUMBER_OBJECT_CONVERSION = YES_AGGRESSIVE;
				CLANG_CXX_LANGUAGE_STANDARD = "gnu++14";
				CLANG_CXX_LIBRARY = "libc++";
				CLANG_ENABLE_MODULES = YES;
				CLANG_ENABLE_OBJC_ARC = YES;
				CLANG_ENABLE_OBJC_WEAK = YES;
				CLANG_WARN_BLOCK_CAPTURE_AUTORELEASING = YES;
				CLANG_WARN_BOOL_CONVERSION = YES;
				CLANG_WARN_COMMA = YES;
				CLANG_WARN_CONSTANT_CONVERSION = YES;
				CLANG_WARN_DEPRECATED_OBJC_IMPLEMENTATIONS = YES;
				CLANG_WARN_DIRECT_OBJC_ISA_USAGE = YES_ERROR;
				CLANG_WARN_DOCUMENTATION_COMMENTS = YES;
				CLANG_WARN_EMPTY_BODY = YES;
				CLANG_WARN_ENUM_CONVERSION = YES;
				CLANG_WARN_INFINITE_RECURSION = YES;
				CLANG_WARN_INT_CONVERSION = YES;
				CLANG_WARN_NON_LITERAL_NULL_CONVERSION = YES;
				CLANG_WARN_OBJC_IMPLICIT_RETAIN_SELF = YES;
				CLANG_WARN_OBJC_LITERAL_CONVERSION = YES;
				CLANG_WARN_OBJC_ROOT_CLASS = YES_ERROR;
				CLANG_WARN_RANGE_LOOP_ANALYSIS = YES;
				CLANG_WARN_STRICT_PROTOTYPES = YES;
				CLANG_WARN_SUSPICIOUS_MOVE = YES;
				CLANG_WARN_UNGUARDED_AVAILABILITY = YES_AGGRESSIVE;
				CLANG_WARN_UNREACHABLE_CODE = YES;
				CLANG_WARN__DUPLICATE_METHOD_MATCH = YES;
				COPY_PHASE_STRIP = NO;
				DEBUG_INFORMATION_FORMAT = "dwarf-with-dsym";
				ENABLE_NS_ASSERTIONS = NO;
				ENABLE_STRICT_OBJC_MSGSEND = YES;
				GCC_C_LANGUAGE_STANDARD = gnu11;
				GCC_NO_COMMON_BLOCKS = YES;
				GCC_WARN_64_TO_32_BIT_CONVERSION = YES;
				GCC_WARN_ABOUT_RETURN_TYPE = YES_ERROR;
				GCC_WARN_UNDECLARED_SELECTOR = YES;
				GCC_WARN_UNINITIALIZED_AUTOS = YES_AGGRESSIVE;
				GCC_WARN_UNUSED_FUNCTION = YES;
				GCC_WARN_UNUSED_VARIABLE = YES;
				MACOSX_DEPLOYMENT_TARGET = 10.15;
				MTL_ENABLE_DEBUG_INFO = NO;
				MTL_FAST_MATH = YES;
				SDKROOT = macosx;
				SWIFT_COMPILATION_MODE = wholemodule;
				SWIFT_OPTIMIZATION_LEVEL = "-O";
			};
			name = Release;
		};
		698B470623547945003AE858 /* Debug */ = {
			isa = XCBuildConfiguration;
			buildSettings = {
				ASSETCATALOG_COMPILER_APPICON_NAME = AppIcon;
				CODE_SIGN_ENTITLEMENTS = TodoTasks/TodoTasks.entitlements;
				CODE_SIGN_STYLE = Automatic;
				COMBINE_HIDPI_IMAGES = YES;
				DEVELOPMENT_ASSET_PATHS = "\"TodoTasks/Preview Content\"";
				ENABLE_PREVIEWS = YES;
				INFOPLIST_FILE = TodoTasks/Info.plist;
				LD_RUNPATH_SEARCH_PATHS = (
					"$(inherited)",
					"@executable_path/../Frameworks",
				);
				MACOSX_DEPLOYMENT_TARGET = 10.15;
				PRODUCT_BUNDLE_IDENTIFIER = MasaMatsu.TodoTasks;
				PRODUCT_NAME = "$(TARGET_NAME)";
				SWIFT_VERSION = 5.0;
			};
			name = Debug;
		};
		698B470723547945003AE858 /* Release */ = {
			isa = XCBuildConfiguration;
			buildSettings = {
				ASSETCATALOG_COMPILER_APPICON_NAME = AppIcon;
				CODE_SIGN_ENTITLEMENTS = TodoTasks/TodoTasks.entitlements;
				CODE_SIGN_STYLE = Automatic;
				COMBINE_HIDPI_IMAGES = YES;
				DEVELOPMENT_ASSET_PATHS = "\"TodoTasks/Preview Content\"";
				ENABLE_PREVIEWS = YES;
				INFOPLIST_FILE = TodoTasks/Info.plist;
				LD_RUNPATH_SEARCH_PATHS = (
					"$(inherited)",
					"@executable_path/../Frameworks",
				);
				MACOSX_DEPLOYMENT_TARGET = 10.15;
				PRODUCT_BUNDLE_IDENTIFIER = MasaMatsu.TodoTasks;
				PRODUCT_NAME = "$(TARGET_NAME)";
				SWIFT_VERSION = 5.0;
			};
			name = Release;
		};
/* End XCBuildConfiguration section */

/* Begin XCConfigurationList section */
		698B46E823547944003AE858 /* Build configuration list for PBXProject "TodoTasks" */ = {
			isa = XCConfigurationList;
			buildConfigurations = (
				698B470323547945003AE858 /* Debug */,
				698B470423547945003AE858 /* Release */,
			);
			defaultConfigurationIsVisible = 0;
			defaultConfigurationName = Release;
		};
		698B470523547945003AE858 /* Build configuration list for PBXNativeTarget "TodoTasks" */ = {
			isa = XCConfigurationList;
			buildConfigurations = (
				698B470623547945003AE858 /* Debug */,
				698B470723547945003AE858 /* Release */,
			);
			defaultConfigurationIsVisible = 0;
			defaultConfigurationName = Release;
		};
/* End XCConfigurationList section */

/* Begin XCVersionGroup section */
		698B46F623547944003AE858 /* Document.xcdatamodeld */ = {
			isa = XCVersionGroup;
			children = (
				698B46F723547944003AE858 /* Document.xcdatamodel */,
			);
			currentVersion = 698B46F723547944003AE858 /* Document.xcdatamodel */;
			path = Document.xcdatamodeld;
			sourceTree = "<group>";
			versionGroupType = wrapper.xcdatamodel;
		};
/* End XCVersionGroup section */
	};
	rootObject = 698B46E523547944003AE858 /* Project object */;
}
